
Microsoft Visual Studio Solution File, Format Version 12.00
# Visual Studio Version 17
VisualStudioVersion = 17.2.32519.379
MinimumVisualStudioVersion = 10.0.40219.1
Project("{FAE04EC0-301F-11D3-BF4B-00C04F79EFBC}") = "POO", "POO\POO.csproj", "{4D3FE1F6-D68F-409A-92A2-83D7BEFCCF3E}"
EndProject
Global
	GlobalSection(SolutionConfigurationPlatforms) = preSolution
		Debug|Any CPU = Debug|Any CPU
		Release|Any CPU = Release|Any CPU
	EndGlobalSection
	GlobalSection(ProjectConfigurationPlatforms) = postSolution
		{4D3FE1F6-D68F-409A-92A2-83D7BEFCCF3E}.Debug|Any CPU.ActiveCfg = Debug|Any CPU
		{4D3FE1F6-D68F-409A-92A2-83D7BEFCCF3E}.Debug|Any CPU.Build.0 = Debug|Any CPU
		{4D3FE1F6-D68F-409A-92A2-83D7BEFCCF3E}.Release|Any CPU.ActiveCfg = Release|Any CPU
		{4D3FE1F6-D68F-409A-92A2-83D7BEFCCF3E}.Release|Any CPU.Build.0 = Release|Any CPU
	EndGlobalSection
	GlobalSection(SolutionProperties) = preSolution
		HideSolutionNode = FALSE
	EndGlobalSection
	GlobalSection(ExtensibilityGlobals) = postSolution
		SolutionGuid = {F2ED1ED6-744E-4A11-B750-9F3B9EE73097}
	EndGlobalSection
EndGlobal
