
Microsoft Visual Studio Solution File, Format Version 12.00
# Visual Studio Version 17
VisualStudioVersion = 17.2.32519.379
MinimumVisualStudioVersion = 10.0.40219.1
Project("{FAE04EC0-301F-11D3-BF4B-00C04F79EFBC}") = "Banco", "Banco\Banco.csproj", "{3F5C9B4A-3860-4D6D-A676-2E27FD972280}"
EndProject
Global
	GlobalSection(SolutionConfigurationPlatforms) = preSolution
		Debug|Any CPU = Debug|Any CPU
		Release|Any CPU = Release|Any CPU
	EndGlobalSection
	GlobalSection(ProjectConfigurationPlatforms) = postSolution
		{3F5C9B4A-3860-4D6D-A676-2E27FD972280}.Debug|Any CPU.ActiveCfg = Debug|Any CPU
		{3F5C9B4A-3860-4D6D-A676-2E27FD972280}.Debug|Any CPU.Build.0 = Debug|Any CPU
		{3F5C9B4A-3860-4D6D-A676-2E27FD972280}.Release|Any CPU.ActiveCfg = Release|Any CPU
		{3F5C9B4A-3860-4D6D-A676-2E27FD972280}.Release|Any CPU.Build.0 = Release|Any CPU
	EndGlobalSection
	GlobalSection(SolutionProperties) = preSolution
		HideSolutionNode = FALSE
	EndGlobalSection
	GlobalSection(ExtensibilityGlobals) = postSolution
		SolutionGuid = {497AF1C6-D7CB-4462-ACD3-20D7F65D6D4C}
	EndGlobalSection
EndGlobal
